// !$*UTF8*$!
{
	archiveVersion = 1;
	classes = {
	};
	objectVersion = 50;
	objects = {

/* Begin PBXBuildFile section */
		3F62EB772215E32D005FAA2A /* AppDelegate.swift in Sources */ = {isa = PBXBuildFile; fileRef = 3F62EB762215E32D005FAA2A /* AppDelegate.swift */; };
		3F62EB792215E32D005FAA2A /* ViewController.swift in Sources */ = {isa = PBXBuildFile; fileRef = 3F62EB782215E32D005FAA2A /* ViewController.swift */; };
		3F62EB7C2215E32D005FAA2A /* Main.storyboard in Resources */ = {isa = PBXBuildFile; fileRef = 3F62EB7A2215E32D005FAA2A /* Main.storyboard */; };
		3F62EB7E2215E32D005FAA2A /* Assets.xcassets in Resources */ = {isa = PBXBuildFile; fileRef = 3F62EB7D2215E32D005FAA2A /* Assets.xcassets */; };
		3F62EB812215E32D005FAA2A /* LaunchScreen.storyboard in Resources */ = {isa = PBXBuildFile; fileRef = 3F62EB7F2215E32D005FAA2A /* LaunchScreen.storyboard */; };
		3F62EB8C2215E32D005FAA2A /* ArthMETic_AppTests.swift in Sources */ = {isa = PBXBuildFile; fileRef = 3F62EB8B2215E32D005FAA2A /* ArthMETic_AppTests.swift */; };
		3F62EB972215E32E005FAA2A /* ArthMETic_AppUITests.swift in Sources */ = {isa = PBXBuildFile; fileRef = 3F62EB962215E32E005FAA2A /* ArthMETic_AppUITests.swift */; };
/* End PBXBuildFile section */

/* Begin PBXContainerItemProxy section */
		3F62EB882215E32D005FAA2A /* PBXContainerItemProxy */ = {
			isa = PBXContainerItemProxy;
			containerPortal = 3F62EB6B2215E32D005FAA2A /* Project object */;
			proxyType = 1;
			remoteGlobalIDString = 3F62EB722215E32D005FAA2A;
			remoteInfo = "ArthMETic App";
		};
		3F62EB932215E32D005FAA2A /* PBXContainerItemProxy */ = {
			isa = PBXContainerItemProxy;
			containerPortal = 3F62EB6B2215E32D005FAA2A /* Project object */;
			proxyType = 1;
			remoteGlobalIDString = 3F62EB722215E32D005FAA2A;
			remoteInfo = "ArthMETic App";
		};
/* End PBXContainerItemProxy section */

/* Begin PBXFileReference section */
		3F62EB732215E32D005FAA2A /* ArthMETic App.app */ = {isa = PBXFileReference; explicitFileType = wrapper.application; includeInIndex = 0; path = "ArthMETic App.app"; sourceTree = BUILT_PRODUCTS_DIR; };
		3F62EB762215E32D005FAA2A /* AppDelegate.swift */ = {isa = PBXFileReference; lastKnownFileType = sourcecode.swift; path = AppDelegate.swift; sourceTree = "<group>"; };
		3F62EB782215E32D005FAA2A /* ViewController.swift */ = {isa = PBXFileReference; lastKnownFileType = sourcecode.swift; path = ViewController.swift; sourceTree = "<group>"; };
		3F62EB7B2215E32D005FAA2A /* Base */ = {isa = PBXFileReference; lastKnownFileType = file.storyboard; name = Base; path = Base.lproj/Main.storyboard; sourceTree = "<group>"; };
		3F62EB7D2215E32D005FAA2A /* Assets.xcassets */ = {isa = PBXFileReference; lastKnownFileType = folder.assetcatalog; path = Assets.xcassets; sourceTree = "<group>"; };
		3F62EB802215E32D005FAA2A /* Base */ = {isa = PBXFileReference; lastKnownFileType = file.storyboard; name = Base; path = Base.lproj/LaunchScreen.storyboard; sourceTree = "<group>"; };
		3F62EB822215E32D005FAA2A /* Info.plist */ = {isa = PBXFileReference; lastKnownFileType = text.plist.xml; path = Info.plist; sourceTree = "<group>"; };
		3F62EB872215E32D005FAA2A /* ArthMETic AppTests.xctest */ = {isa = PBXFileReference; explicitFileType = wrapper.cfbundle; includeInIndex = 0; path = "ArthMETic AppTests.xctest"; sourceTree = BUILT_PRODUCTS_DIR; };
		3F62EB8B2215E32D005FAA2A /* ArthMETic_AppTests.swift */ = {isa = PBXFileReference; lastKnownFileType = sourcecode.swift; path = ArthMETic_AppTests.swift; sourceTree = "<group>"; };
		3F62EB8D2215E32D005FAA2A /* Info.plist */ = {isa = PBXFileReference; lastKnownFileType = text.plist.xml; path = Info.plist; sourceTree = "<group>"; };
		3F62EB922215E32D005FAA2A /* ArthMETic AppUITests.xctest */ = {isa = PBXFileReference; explicitFileType = wrapper.cfbundle; includeInIndex = 0; path = "ArthMETic AppUITests.xctest"; sourceTree = BUILT_PRODUCTS_DIR; };
		3F62EB962215E32E005FAA2A /* ArthMETic_AppUITests.swift */ = {isa = PBXFileReference; lastKnownFileType = sourcecode.swift; path = ArthMETic_AppUITests.swift; sourceTree = "<group>"; };
		3F62EB982215E32E005FAA2A /* Info.plist */ = {isa = PBXFileReference; lastKnownFileType = text.plist.xml; path = Info.plist; sourceTree = "<group>"; };
/* End PBXFileReference section */

/* Begin PBXFrameworksBuildPhase section */
		3F62EB702215E32D005FAA2A /* Frameworks */ = {
			isa = PBXFrameworksBuildPhase;
			buildActionMask = 2147483647;
			files = (
			);
			runOnlyForDeploymentPostprocessing = 0;
		};
		3F62EB842215E32D005FAA2A /* Frameworks */ = {
			isa = PBXFrameworksBuildPhase;
			buildActionMask = 2147483647;
			files = (
			);
			runOnlyForDeploymentPostprocessing = 0;
		};
		3F62EB8F2215E32D005FAA2A /* Frameworks */ = {
			isa = PBXFrameworksBuildPhase;
			buildActionMask = 2147483647;
			files = (
			);
			runOnlyForDeploymentPostprocessing = 0;
		};
/* End PBXFrameworksBuildPhase section */

/* Begin PBXGroup section */
		3F62EB6A2215E32D005FAA2A = {
			isa = PBXGroup;
			children = (
				3F62EB752215E32D005FAA2A /* ArthMETic App */,
				3F62EB8A2215E32D005FAA2A /* ArthMETic AppTests */,
				3F62EB952215E32D005FAA2A /* ArthMETic AppUITests */,
				3F62EB742215E32D005FAA2A /* Products */,
			);
			sourceTree = "<group>";
		};
		3F62EB742215E32D005FAA2A /* Products */ = {
			isa = PBXGroup;
			children = (
				3F62EB732215E32D005FAA2A /* ArthMETic App.app */,
				3F62EB872215E32D005FAA2A /* ArthMETic AppTests.xctest */,
				3F62EB922215E32D005FAA2A /* ArthMETic AppUITests.xctest */,
			);
			name = Products;
			sourceTree = "<group>";
		};
		3F62EB752215E32D005FAA2A /* ArthMETic App */ = {
			isa = PBXGroup;
			children = (
				3F62EB762215E32D005FAA2A /* AppDelegate.swift */,
				3F62EB782215E32D005FAA2A /* ViewController.swift */,
				3F62EB7A2215E32D005FAA2A /* Main.storyboard */,
				3F62EB7D2215E32D005FAA2A /* Assets.xcassets */,
				3F62EB7F2215E32D005FAA2A /* LaunchScreen.storyboard */,
				3F62EB822215E32D005FAA2A /* Info.plist */,
			);
			path = "ArthMETic App";
			sourceTree = "<group>";
		};
		3F62EB8A2215E32D005FAA2A /* ArthMETic AppTests */ = {
			isa = PBXGroup;
			children = (
				3F62EB8B2215E32D005FAA2A /* ArthMETic_AppTests.swift */,
				3F62EB8D2215E32D005FAA2A /* Info.plist */,
			);
			path = "ArthMETic AppTests";
			sourceTree = "<group>";
		};
		3F62EB952215E32D005FAA2A /* ArthMETic AppUITests */ = {
			isa = PBXGroup;
			children = (
				3F62EB962215E32E005FAA2A /* ArthMETic_AppUITests.swift */,
				3F62EB982215E32E005FAA2A /* Info.plist */,
			);
			path = "ArthMETic AppUITests";
			sourceTree = "<group>";
		};
/* End PBXGroup section */

/* Begin PBXNativeTarget section */
		3F62EB722215E32D005FAA2A /* ArthMETic App */ = {
			isa = PBXNativeTarget;
			buildConfigurationList = 3F62EB9B2215E32E005FAA2A /* Build configuration list for PBXNativeTarget "ArthMETic App" */;
			buildPhases = (
				3F62EB6F2215E32D005FAA2A /* Sources */,
				3F62EB702215E32D005FAA2A /* Frameworks */,
				3F62EB712215E32D005FAA2A /* Resources */,
			);
			buildRules = (
			);
			dependencies = (
			);
			name = "ArthMETic App";
			productName = "ArthMETic App";
			productReference = 3F62EB732215E32D005FAA2A /* ArthMETic App.app */;
			productType = "com.apple.product-type.application";
		};
		3F62EB862215E32D005FAA2A /* ArthMETic AppTests */ = {
			isa = PBXNativeTarget;
			buildConfigurationList = 3F62EB9E2215E32E005FAA2A /* Build configuration list for PBXNativeTarget "ArthMETic AppTests" */;
			buildPhases = (
				3F62EB832215E32D005FAA2A /* Sources */,
				3F62EB842215E32D005FAA2A /* Frameworks */,
				3F62EB852215E32D005FAA2A /* Resources */,
			);
			buildRules = (
			);
			dependencies = (
				3F62EB892215E32D005FAA2A /* PBXTargetDependency */,
			);
			name = "ArthMETic AppTests";
			productName = "ArthMETic AppTests";
			productReference = 3F62EB872215E32D005FAA2A /* ArthMETic AppTests.xctest */;
			productType = "com.apple.product-type.bundle.unit-test";
		};
		3F62EB912215E32D005FAA2A /* ArthMETic AppUITests */ = {
			isa = PBXNativeTarget;
			buildConfigurationList = 3F62EBA12215E32E005FAA2A /* Build configuration list for PBXNativeTarget "ArthMETic AppUITests" */;
			buildPhases = (
				3F62EB8E2215E32D005FAA2A /* Sources */,
				3F62EB8F2215E32D005FAA2A /* Frameworks */,
				3F62EB902215E32D005FAA2A /* Resources */,
			);
			buildRules = (
			);
			dependencies = (
				3F62EB942215E32D005FAA2A /* PBXTargetDependency */,
			);
			name = "ArthMETic AppUITests";
			productName = "ArthMETic AppUITests";
			productReference = 3F62EB922215E32D005FAA2A /* ArthMETic AppUITests.xctest */;
			productType = "com.apple.product-type.bundle.ui-testing";
		};
/* End PBXNativeTarget section */

/* Begin PBXProject section */
		3F62EB6B2215E32D005FAA2A /* Project object */ = {
			isa = PBXProject;
			attributes = {
				LastSwiftUpdateCheck = 1010;
				LastUpgradeCheck = 1010;
				ORGANIZATIONNAME = nwmsu;
				TargetAttributes = {
					3F62EB722215E32D005FAA2A = {
						CreatedOnToolsVersion = 10.1;
					};
					3F62EB862215E32D005FAA2A = {
						CreatedOnToolsVersion = 10.1;
						TestTargetID = 3F62EB722215E32D005FAA2A;
					};
					3F62EB912215E32D005FAA2A = {
						CreatedOnToolsVersion = 10.1;
						TestTargetID = 3F62EB722215E32D005FAA2A;
					};
				};
			};
			buildConfigurationList = 3F62EB6E2215E32D005FAA2A /* Build configuration list for PBXProject "ArthMETic App" */;
			compatibilityVersion = "Xcode 9.3";
			developmentRegion = en;
			hasScannedForEncodings = 0;
			knownRegions = (
				en,
				Base,
			);
			mainGroup = 3F62EB6A2215E32D005FAA2A;
			productRefGroup = 3F62EB742215E32D005FAA2A /* Products */;
			projectDirPath = "";
			projectRoot = "";
			targets = (
				3F62EB722215E32D005FAA2A /* ArthMETic App */,
				3F62EB862215E32D005FAA2A /* ArthMETic AppTests */,
				3F62EB912215E32D005FAA2A /* ArthMETic AppUITests */,
			);
		};
/* End PBXProject section */

/* Begin PBXResourcesBuildPhase section */
		3F62EB712215E32D005FAA2A /* Resources */ = {
			isa = PBXResourcesBuildPhase;
			buildActionMask = 2147483647;
			files = (
				3F62EB812215E32D005FAA2A /* LaunchScreen.storyboard in Resources */,
				3F62EB7E2215E32D005FAA2A /* Assets.xcassets in Resources */,
				3F62EB7C2215E32D005FAA2A /* Main.storyboard in Resources */,
			);
			runOnlyForDeploymentPostprocessing = 0;
		};
		3F62EB852215E32D005FAA2A /* Resources */ = {
			isa = PBXResourcesBuildPhase;
			buildActionMask = 2147483647;
			files = (
			);
			runOnlyForDeploymentPostprocessing = 0;
		};
		3F62EB902215E32D005FAA2A /* Resources */ = {
			isa = PBXResourcesBuildPhase;
			buildActionMask = 2147483647;
			files = (
			);
			runOnlyForDeploymentPostprocessing = 0;
		};
/* End PBXResourcesBuildPhase section */

/* Begin PBXSourcesBuildPhase section */
		3F62EB6F2215E32D005FAA2A /* Sources */ = {
			isa = PBXSourcesBuildPhase;
			buildActionMask = 2147483647;
			files = (
				3F62EB792215E32D005FAA2A /* ViewController.swift in Sources */,
				3F62EB772215E32D005FAA2A /* AppDelegate.swift in Sources */,
			);
			runOnlyForDeploymentPostprocessing = 0;
		};
		3F62EB832215E32D005FAA2A /* Sources */ = {
			isa = PBXSourcesBuildPhase;
			buildActionMask = 2147483647;
			files = (
				3F62EB8C2215E32D005FAA2A /* ArthMETic_AppTests.swift in Sources */,
			);
			runOnlyForDeploymentPostprocessing = 0;
		};
		3F62EB8E2215E32D005FAA2A /* Sources */ = {
			isa = PBXSourcesBuildPhase;
			buildActionMask = 2147483647;
			files = (
				3F62EB972215E32E005FAA2A /* ArthMETic_AppUITests.swift in Sources */,
			);
			runOnlyForDeploymentPostprocessing = 0;
		};
/* End PBXSourcesBuildPhase section */

/* Begin PBXTargetDependency section */
		3F62EB892215E32D005FAA2A /* PBXTargetDependency */ = {
			isa = PBXTargetDependency;
			target = 3F62EB722215E32D005FAA2A /* ArthMETic App */;
			targetProxy = 3F62EB882215E32D005FAA2A /* PBXContainerItemProxy */;
		};
		3F62EB942215E32D005FAA2A /* PBXTargetDependency */ = {
			isa = PBXTargetDependency;
			target = 3F62EB722215E32D005FAA2A /* ArthMETic App */;
			targetProxy = 3F62EB932215E32D005FAA2A /* PBXContainerItemProxy */;
		};
/* End PBXTargetDependency section */

/* Begin PBXVariantGroup section */
		3F62EB7A2215E32D005FAA2A /* Main.storyboard */ = {
			isa = PBXVariantGroup;
			children = (
				3F62EB7B2215E32D005FAA2A /* Base */,
			);
			name = Main.storyboard;
			sourceTree = "<group>";
		};
		3F62EB7F2215E32D005FAA2A /* LaunchScreen.storyboard */ = {
			isa = PBXVariantGroup;
			children = (
				3F62EB802215E32D005FAA2A /* Base */,
			);
			name = LaunchScreen.storyboard;
			sourceTree = "<group>";
		};
/* End PBXVariantGroup section */

/* Begin XCBuildConfiguration section */
		3F62EB992215E32E005FAA2A /* Debug */ = {
			isa = XCBuildConfiguration;
			buildSettings = {
				ALWAYS_SEARCH_USER_PATHS = NO;
				CLANG_ANALYZER_NONNULL = YES;
				CLANG_ANALYZER_NUMBER_OBJECT_CONVERSION = YES_AGGRESSIVE;
				CLANG_CXX_LANGUAGE_STANDARD = "gnu++14";
				CLANG_CXX_LIBRARY = "libc++";
				CLANG_ENABLE_MODULES = YES;
				CLANG_ENABLE_OBJC_ARC = YES;
				CLANG_ENABLE_OBJC_WEAK = YES;
				CLANG_WARN_BLOCK_CAPTURE_AUTORELEASING = YES;
				CLANG_WARN_BOOL_CONVERSION = YES;
				CLANG_WARN_COMMA = YES;
				CLANG_WARN_CONSTANT_CONVERSION = YES;
				CLANG_WARN_DEPRECATED_OBJC_IMPLEMENTATIONS = YES;
				CLANG_WARN_DIRECT_OBJC_ISA_USAGE = YES_ERROR;
				CLANG_WARN_DOCUMENTATION_COMMENTS = YES;
				CLANG_WARN_EMPTY_BODY = YES;
				CLANG_WARN_ENUM_CONVERSION = YES;
				CLANG_WARN_INFINITE_RECURSION = YES;
				CLANG_WARN_INT_CONVERSION = YES;
				CLANG_WARN_NON_LITERAL_NULL_CONVERSION = YES;
				CLANG_WARN_OBJC_IMPLICIT_RETAIN_SELF = YES;
				CLANG_WARN_OBJC_LITERAL_CONVERSION = YES;
				CLANG_WARN_OBJC_ROOT_CLASS = YES_ERROR;
				CLANG_WARN_RANGE_LOOP_ANALYSIS = YES;
				CLANG_WARN_STRICT_PROTOTYPES = YES;
				CLANG_WARN_SUSPICIOUS_MOVE = YES;
				CLANG_WARN_UNGUARDED_AVAILABILITY = YES_AGGRESSIVE;
				CLANG_WARN_UNREACHABLE_CODE = YES;
				CLANG_WARN__DUPLICATE_METHOD_MATCH = YES;
				CODE_SIGN_IDENTITY = "iPhone Developer";
				COPY_PHASE_STRIP = NO;
				DEBUG_INFORMATION_FORMAT = dwarf;
				ENABLE_STRICT_OBJC_MSGSEND = YES;
				ENABLE_TESTABILITY = YES;
				GCC_C_LANGUAGE_STANDARD = gnu11;
				GCC_DYNAMIC_NO_PIC = NO;
				GCC_NO_COMMON_BLOCKS = YES;
				GCC_OPTIMIZATION_LEVEL = 0;
				GCC_PREPROCESSOR_DEFINITIONS = (
					"DEBUG=1",
					"$(inherited)",
				);
				GCC_WARN_64_TO_32_BIT_CONVERSION = YES;
				GCC_WARN_ABOUT_RETURN_TYPE = YES_ERROR;
				GCC_WARN_UNDECLARED_SELECTOR = YES;
				GCC_WARN_UNINITIALIZED_AUTOS = YES_AGGRESSIVE;
				GCC_WARN_UNUSED_FUNCTION = YES;
				GCC_WARN_UNUSED_VARIABLE = YES;
				IPHONEOS_DEPLOYMENT_TARGET = 12.1;
				MTL_ENABLE_DEBUG_INFO = INCLUDE_SOURCE;
				MTL_FAST_MATH = YES;
				ONLY_ACTIVE_ARCH = YES;
				SDKROOT = iphoneos;
				SWIFT_ACTIVE_COMPILATION_CONDITIONS = DEBUG;
				SWIFT_OPTIMIZATION_LEVEL = "-Onone";
			};
			name = Debug;
		};
		3F62EB9A2215E32E005FAA2A /* Release */ = {
			isa = XCBuildConfiguration;
			buildSettings = {
				ALWAYS_SEARCH_USER_PATHS = NO;
				CLANG_ANALYZER_NONNULL = YES;
				CLANG_ANALYZER_NUMBER_OBJECT_CONVERSION = YES_AGGRESSIVE;
				CLANG_CXX_LANGUAGE_STANDARD = "gnu++14";
				CLANG_CXX_LIBRARY = "libc++";
				CLANG_ENABLE_MODULES = YES;
				CLANG_ENABLE_OBJC_ARC = YES;
				CLANG_ENABLE_OBJC_WEAK = YES;
				CLANG_WARN_BLOCK_CAPTURE_AUTORELEASING = YES;
				CLANG_WARN_BOOL_CONVERSION = YES;
				CLANG_WARN_COMMA = YES;
				CLANG_WARN_CONSTANT_CONVERSION = YES;
				CLANG_WARN_DEPRECATED_OBJC_IMPLEMENTATIONS = YES;
				CLANG_WARN_DIRECT_OBJC_ISA_USAGE = YES_ERROR;
				CLANG_WARN_DOCUMENTATION_COMMENTS = YES;
				CLANG_WARN_EMPTY_BODY = YES;
				CLANG_WARN_ENUM_CONVERSION = YES;
				CLANG_WARN_INFINITE_RECURSION = YES;
				CLANG_WARN_INT_CONVERSION = YES;
				CLANG_WARN_NON_LITERAL_NULL_CONVERSION = YES;
				CLANG_WARN_OBJC_IMPLICIT_RETAIN_SELF = YES;
				CLANG_WARN_OBJC_LITERAL_CONVERSION = YES;
				CLANG_WARN_OBJC_ROOT_CLASS = YES_ERROR;
				CLANG_WARN_RANGE_LOOP_ANALYSIS = YES;
				CLANG_WARN_STRICT_PROTOTYPES = YES;
				CLANG_WARN_SUSPICIOUS_MOVE = YES;
				CLANG_WARN_UNGUARDED_AVAILABILITY = YES_AGGRESSIVE;
				CLANG_WARN_UNREACHABLE_CODE = YES;
				CLANG_WARN__DUPLICATE_METHOD_MATCH = YES;
				CODE_SIGN_IDENTITY = "iPhone Developer";
				COPY_PHASE_STRIP = NO;
				DEBUG_INFORMATION_FORMAT = "dwarf-with-dsym";
				ENABLE_NS_ASSERTIONS = NO;
				ENABLE_STRICT_OBJC_MSGSEND = YES;
				GCC_C_LANGUAGE_STANDARD = gnu11;
				GCC_NO_COMMON_BLOCKS = YES;
				GCC_WARN_64_TO_32_BIT_CONVERSION = YES;
				GCC_WARN_ABOUT_RETURN_TYPE = YES_ERROR;
				GCC_WARN_UNDECLARED_SELECTOR = YES;
				GCC_WARN_UNINITIALIZED_AUTOS = YES_AGGRESSIVE;
				GCC_WARN_UNUSED_FUNCTION = YES;
				GCC_WARN_UNUSED_VARIABLE = YES;
				IPHONEOS_DEPLOYMENT_TARGET = 12.1;
				MTL_ENABLE_DEBUG_INFO = NO;
				MTL_FAST_MATH = YES;
				SDKROOT = iphoneos;
				SWIFT_COMPILATION_MODE = wholemodule;
				SWIFT_OPTIMIZATION_LEVEL = "-O";
				VALIDATE_PRODUCT = YES;
			};
			name = Release;
		};
		3F62EB9C2215E32E005FAA2A /* Debug */ = {
			isa = XCBuildConfiguration;
			buildSettings = {
				ASSETCATALOG_COMPILER_APPICON_NAME = AppIcon;
				CODE_SIGN_STYLE = Automatic;
				INFOPLIST_FILE = "ArthMETic App/Info.plist";
				LD_RUNPATH_SEARCH_PATHS = (
					"$(inherited)",
					"@executable_path/Frameworks",
				);
				PRODUCT_BUNDLE_IDENTIFIER = "nwmsu.edu.ArthMETic-App";
				PRODUCT_NAME = "$(TARGET_NAME)";
				SWIFT_VERSION = 4.2;
				TARGETED_DEVICE_FAMILY = "1,2";
			};
			name = Debug;
		};
		3F62EB9D2215E32E005FAA2A /* Release */ = {
			isa = XCBuildConfiguration;
			buildSettings = {
				ASSETCATALOG_COMPILER_APPICON_NAME = AppIcon;
				CODE_SIGN_STYLE = Automatic;
				INFOPLIST_FILE = "ArthMETic App/Info.plist";
				LD_RUNPATH_SEARCH_PATHS = (
					"$(inherited)",
					"@executable_path/Frameworks",
				);
				PRODUCT_BUNDLE_IDENTIFIER = "nwmsu.edu.ArthMETic-App";
				PRODUCT_NAME = "$(TARGET_NAME)";
				SWIFT_VERSION = 4.2;
				TARGETED_DEVICE_FAMILY = "1,2";
			};
			name = Release;
		};
		3F62EB9F2215E32E005FAA2A /* Debug */ = {
			isa = XCBuildConfiguration;
			buildSettings = {
				ALWAYS_EMBED_SWIFT_STANDARD_LIBRARIES = YES;
				BUNDLE_LOADER = "$(TEST_HOST)";
				CODE_SIGN_STYLE = Automatic;
				INFOPLIST_FILE = "ArthMETic AppTests/Info.plist";
				LD_RUNPATH_SEARCH_PATHS = (
					"$(inherited)",
					"@executable_path/Frameworks",
					"@loader_path/Frameworks",
				);
				PRODUCT_BUNDLE_IDENTIFIER = "nwmsu.edu.ArthMETic-AppTests";
				PRODUCT_NAME = "$(TARGET_NAME)";
				SWIFT_VERSION = 4.2;
				TARGETED_DEVICE_FAMILY = "1,2";
				TEST_HOST = "$(BUILT_PRODUCTS_DIR)/ArthMETic App.app/ArthMETic App";
			};
			name = Debug;
		};
		3F62EBA02215E32E005FAA2A /* Release */ = {
			isa = XCBuildConfiguration;
			buildSettings = {
				ALWAYS_EMBED_SWIFT_STANDARD_LIBRARIES = YES;
				BUNDLE_LOADER = "$(TEST_HOST)";
				CODE_SIGN_STYLE = Automatic;
				INFOPLIST_FILE = "ArthMETic AppTests/Info.plist";
				LD_RUNPATH_SEARCH_PATHS = (
					"$(inherited)",
					"@executable_path/Frameworks",
					"@loader_path/Frameworks",
				);
				PRODUCT_BUNDLE_IDENTIFIER = "nwmsu.edu.ArthMETic-AppTests";
				PRODUCT_NAME = "$(TARGET_NAME)";
				SWIFT_VERSION = 4.2;
				TARGETED_DEVICE_FAMILY = "1,2";
				TEST_HOST = "$(BUILT_PRODUCTS_DIR)/ArthMETic App.app/ArthMETic App";
			};
			name = Release;
		};
		3F62EBA22215E32E005FAA2A /* Debug */ = {
			isa = XCBuildConfiguration;
			buildSettings = {
				ALWAYS_EMBED_SWIFT_STANDARD_LIBRARIES = YES;
				CODE_SIGN_STYLE = Automatic;
				INFOPLIST_FILE = "ArthMETic AppUITests/Info.plist";
				LD_RUNPATH_SEARCH_PATHS = (
					"$(inherited)",
					"@executable_path/Frameworks",
					"@loader_path/Frameworks",
				);
				PRODUCT_BUNDLE_IDENTIFIER = "nwmsu.edu.ArthMETic-AppUITests";
				PRODUCT_NAME = "$(TARGET_NAME)";
				SWIFT_VERSION = 4.2;
				TARGETED_DEVICE_FAMILY = "1,2";
				TEST_TARGET_NAME = "ArthMETic App";
			};
			name = Debug;
		};
		3F62EBA32215E32E005FAA2A /* Release */ = {
			isa = XCBuildConfiguration;
			buildSettings = {
				ALWAYS_EMBED_SWIFT_STANDARD_LIBRARIES = YES;
				CODE_SIGN_STYLE = Automatic;
				INFOPLIST_FILE = "ArthMETic AppUITests/Info.plist";
				LD_RUNPATH_SEARCH_PATHS = (
					"$(inherited)",
					"@executable_path/Frameworks",
					"@loader_path/Frameworks",
				);
				PRODUCT_BUNDLE_IDENTIFIER = "nwmsu.edu.ArthMETic-AppUITests";
				PRODUCT_NAME = "$(TARGET_NAME)";
				SWIFT_VERSION = 4.2;
				TARGETED_DEVICE_FAMILY = "1,2";
				TEST_TARGET_NAME = "ArthMETic App";
			};
			name = Release;
		};
/* End XCBuildConfiguration section */

/* Begin XCConfigurationList section */
		3F62EB6E2215E32D005FAA2A /* Build configuration list for PBXProject "ArthMETic App" */ = {
			isa = XCConfigurationList;
			buildConfigurations = (
				3F62EB992215E32E005FAA2A /* Debug */,
				3F62EB9A2215E32E005FAA2A /* Release */,
			);
			defaultConfigurationIsVisible = 0;
			defaultConfigurationName = Release;
		};
		3F62EB9B2215E32E005FAA2A /* Build configuration list for PBXNativeTarget "ArthMETic App" */ = {
			isa = XCConfigurationList;
			buildConfigurations = (
				3F62EB9C2215E32E005FAA2A /* Debug */,
				3F62EB9D2215E32E005FAA2A /* Release */,
			);
			defaultConfigurationIsVisible = 0;
			defaultConfigurationName = Release;
		};
		3F62EB9E2215E32E005FAA2A /* Build configuration list for PBXNativeTarget "ArthMETic AppTests" */ = {
			isa = XCConfigurationList;
			buildConfigurations = (
				3F62EB9F2215E32E005FAA2A /* Debug */,
				3F62EBA02215E32E005FAA2A /* Release */,
			);
			defaultConfigurationIsVisible = 0;
			defaultConfigurationName = Release;
		};
		3F62EBA12215E32E005FAA2A /* Build configuration list for PBXNativeTarget "ArthMETic AppUITests" */ = {
			isa = XCConfigurationList;
			buildConfigurations = (
				3F62EBA22215E32E005FAA2A /* Debug */,
				3F62EBA32215E32E005FAA2A /* Release */,
			);
			defaultConfigurationIsVisible = 0;
			defaultConfigurationName = Release;
		};
/* End XCConfigurationList section */
	};
	rootObject = 3F62EB6B2215E32D005FAA2A /* Project object */;
}
